
Microsoft Visual Studio Solution File, Format Version 12.00
# Visual Studio Version 17
VisualStudioVersion = 17.14.36705.20
MinimumVisualStudioVersion = 10.0.40219.1
Project("{FAE04EC0-301F-11D3-BF4B-00C04F79EFBC}") = "Notes", "Notes.csproj", "{992B6B40-EBCD-402E-8479-CA8E104311EA}"
EndProject
Global
	GlobalSection(SolutionConfigurationPlatforms) = preSolution
		Debug|Any CPU = Debug|Any CPU
		Release|Any CPU = Release|Any CPU
	EndGlobalSection
	GlobalSection(ProjectConfigurationPlatforms) = postSolution
		{992B6B40-EBCD-402E-8479-CA8E104311EA}.Debug|Any CPU.ActiveCfg = Debug|Any CPU
		{992B6B40-EBCD-402E-8479-CA8E104311EA}.Debug|Any CPU.Build.0 = Debug|Any CPU
		{992B6B40-EBCD-402E-8479-CA8E104311EA}.Release|Any CPU.ActiveCfg = Release|Any CPU
		{992B6B40-EBCD-402E-8479-CA8E104311EA}.Release|Any CPU.Build.0 = Release|Any CPU
	EndGlobalSection
	GlobalSection(SolutionProperties) = preSolution
		HideSolutionNode = FALSE
	EndGlobalSection
	GlobalSection(ExtensibilityGlobals) = postSolution
		SolutionGuid = {74703351-47B6-4076-B8F9-AEF7FAFA0089}
	EndGlobalSection
EndGlobal
